Microsoft Visual Studio Solution File, Format Version 12.00
# Visual Studio Version 17
VisualStudioVersion = 17.5.2.0
MinimumVisualStudioVersion = 10.0.40219.1
Project("{FAE04EC0-301F-11D3-BF4B-00C04F79EFBC}") = "inmobiliaria-benenatti", "inmobiliaria-benenatti.csproj", "{1A1DF569-07BB-4110-9170-CAFFFC34CF01}"
EndProject
Global
	GlobalSection(SolutionConfigurationPlatforms) = preSolution
		Debug|Any CPU = Debug|Any CPU
		Release|Any CPU = Release|Any CPU
	EndGlobalSection
	GlobalSection(ProjectConfigurationPlatforms) = postSolution
		{1A1DF569-07BB-4110-9170-CAFFFC34CF01}.Debug|Any CPU.ActiveCfg = Debug|Any CPU
		{1A1DF569-07BB-4110-9170-CAFFFC34CF01}.Debug|Any CPU.Build.0 = Debug|Any CPU
		{1A1DF569-07BB-4110-9170-CAFFFC34CF01}.Release|Any CPU.ActiveCfg = Release|Any CPU
		{1A1DF569-07BB-4110-9170-CAFFFC34CF01}.Release|Any CPU.Build.0 = Release|Any CPU
	EndGlobalSection
	GlobalSection(SolutionProperties) = preSolution
		HideSolutionNode = FALSE
	EndGlobalSection
	GlobalSection(ExtensibilityGlobals) = postSolution
		SolutionGuid = {0C26D611-FF7D-4CF4-8C7D-F4C116C33DF0}
	EndGlobalSection
EndGlobal
